# This file is automatically @generated by Cargo.
# It is not intended for manual editing.
version = 4

[[package]]
name = "build_html"
version = "2.7.0"
source = "registry+https://github.com/rust-lang/crates.io-index"
checksum = "10b322c8c13b6b775e5befd834d2a27c683506f1100b56a7b39d33c28024ba54"

[[package]]
name = "export-nuttx-builds"
version = "0.1.0"
dependencies = [
 "build_html",
]
